PODS:
  - MaterialKit (0.4)
  - PageMenu (2.0.0)
  - RxBlocking (3.6.1):
    - RxSwift (~> 3.6)
  - RxCocoa (3.6.1):
    - RxSwift (~> 3.6)
  - RxSwift (3.6.1)
  - SwiftyJSON (4.1.0)
  - Toaster (2.1.1)
  - XCGLogger (4.0.0):
    - XCGLogger/Core (= 4.0.0)
  - XCGLogger/Core (4.0.0)

DEPENDENCIES:
  - MaterialKit (from `https://github.com/faresbh/MaterialKit`, branch `swift3`)
  - PageMenu
  - RxBlocking (~> 3.0)
  - RxCocoa (~> 3.0)
  - RxSwift (~> 3.0)
  - SwiftyJSON
  - Toaster (~> 2.0)
  - XCGLogger (from `https://github.com/DaveWoodCom/XCGLogger.git`, branch `swift_3.0`)

SPEC REPOS:
  https://github.com/cocoapods/specs.git:
    - PageMenu
    - RxBlocking
    - RxCocoa
    - RxSwift
    - SwiftyJSON
    - Toaster

EXTERNAL SOURCES:
  MaterialKit:
    :branch: swift3
    :git: https://github.com/faresbh/MaterialKit
  XCGLogger:
    :branch: swift_3.0
    :git: https://github.com/DaveWoodCom/XCGLogger.git

CHECKOUT OPTIONS:
  MaterialKit:
    :commit: 45bc7791f7e0583a94ced7d4cfc852fddc7800ca
    :git: https://github.com/faresbh/MaterialKit
  XCGLogger:
    :commit: 2fd27c92eb102bcf09f3176a230e42e38cacd4a2
    :git: https://github.com/DaveWoodCom/XCGLogger.git

SPEC CHECKSUMS:
  MaterialKit: 2e5267bcf410b82793f2b92d2111f8ae4ed2c3f2
  PageMenu: 9c38fd7e0d9ef4b1408320f55bb907bbc0e538dc
  RxBlocking: 4f4bd5732e8b952e54ae8a57739bcfb645de12bc
  RxCocoa: 84a08739ab186248c7f31ce4ee92d6f8a947d690
  RxSwift: f9de85ea20cd2f7716ee5409fc13523dc638e4e4
  SwiftyJSON: c29297daf073d2aa016295d5809cdd68045c39b3
  Toaster: a6c9532de1ded8105e77376f7dffeb2e12b46dbb
  XCGLogger: 38063ea89b4c8b23232d18efd2e12eb0005f3ea4

PODFILE CHECKSUM: ecba03fa552436ba1b14b4cded46c9cbd69c1764

COCOAPODS: 1.5.2
