PODS:
  - MaterialKit (0.4)
  - ObjcExceptionBridging (1.0.1):
    - ObjcExceptionBridging/ObjcExceptionBridging (= 1.0.1)
  - ObjcExceptionBridging/ObjcExceptionBridging (1.0.1)
  - RxBlocking (3.3.1):
    - RxSwift (~> 3.3)
  - RxCocoa (3.3.1):
    - RxSwift (~> 3.3)
  - RxSwift (3.3.1)
  - SwiftyJSON (3.1.4)
  - Toaster (2.0.3)
  - XCGLogger (5.0.1):
    - XCGLogger/Core (= 5.0.1)
  - XCGLogger/Core (5.0.1):
    - ObjcExceptionBridging

DEPENDENCIES:
  - MaterialKit (from `https://github.com/faresbh/MaterialKit`, branch `swift3`)
  - RxBlocking (~> 3.0)
  - RxCocoa (~> 3.0)
  - RxSwift (~> 3.0)
  - SwiftyJSON
  - Toaster (~> 2.0)
  - XCGLogger (from `https://github.com/DaveWoodCom/XCGLogger.git`)

EXTERNAL SOURCES:
  MaterialKit:
    :branch: swift3
    :git: https://github.com/faresbh/MaterialKit
  XCGLogger:
    :git: https://github.com/DaveWoodCom/XCGLogger.git

CHECKOUT OPTIONS:
  MaterialKit:
    :commit: 45bc7791f7e0583a94ced7d4cfc852fddc7800ca
    :git: https://github.com/faresbh/MaterialKit
  XCGLogger:
    :commit: 1369a7a2827615e585eab6e9516e3c3c3fd77e2d
    :git: https://github.com/DaveWoodCom/XCGLogger.git

SPEC CHECKSUMS:
  MaterialKit: 2e5267bcf410b82793f2b92d2111f8ae4ed2c3f2
  ObjcExceptionBridging: c30e00eb3700467e695faeea30e26e18bd445001
  RxBlocking: c5918ecb86b8c205a8ccc6d1ff2abb338ddc50a0
  RxCocoa: 7dcb7a1860fc9cd0e23dae67ab105fc2916670b6
  RxSwift: 8fc9f2de6275a9101d518444e00bf32f1a42caac
  SwiftyJSON: c2842d878f95482ffceec5709abc3d05680c0220
  Toaster: 77c0b03d78e680bbbab0071c9c7ee392b0034010
  XCGLogger: ed5d5da079ab1c5cd6ee956eb87b14d0a468bbed

PODFILE CHECKSUM: e8bd46ffb42b36353cd0ce64f819c503ef65125f

COCOAPODS: 1.2.0
