PODS:
  - MaterialKit (0.4)
  - RxBlocking (3.3.1):
    - RxSwift (~> 3.3)
  - RxCocoa (3.3.1):
    - RxSwift (~> 3.3)
  - RxSwift (3.3.1)
  - SwiftyJSON (3.1.4)
  - Toaster (2.0.3)
  - XCGLogger (4.0.0):
    - XCGLogger/Core (= 4.0.0)
  - XCGLogger/Core (4.0.0)

DEPENDENCIES:
  - MaterialKit (from `https://github.com/faresbh/MaterialKit`, branch `swift3`)
  - RxBlocking (~> 3.0)
  - RxCocoa (~> 3.0)
  - RxSwift (~> 3.0)
  - SwiftyJSON
  - Toaster (~> 2.0)
  - XCGLogger (~> 4.0.0)

EXTERNAL SOURCES:
  MaterialKit:
    :branch: swift3
    :git: https://github.com/faresbh/MaterialKit

CHECKOUT OPTIONS:
  MaterialKit:
    :commit: 45bc7791f7e0583a94ced7d4cfc852fddc7800ca
    :git: https://github.com/faresbh/MaterialKit

SPEC CHECKSUMS:
  MaterialKit: 2e5267bcf410b82793f2b92d2111f8ae4ed2c3f2
  RxBlocking: c5918ecb86b8c205a8ccc6d1ff2abb338ddc50a0
  RxCocoa: 7dcb7a1860fc9cd0e23dae67ab105fc2916670b6
  RxSwift: 8fc9f2de6275a9101d518444e00bf32f1a42caac
  SwiftyJSON: c2842d878f95482ffceec5709abc3d05680c0220
  Toaster: 77c0b03d78e680bbbab0071c9c7ee392b0034010
  XCGLogger: 38063ea89b4c8b23232d18efd2e12eb0005f3ea4

PODFILE CHECKSUM: 3f821bfe8b4cdf8d41d45e50f79c631248fcee8e

COCOAPODS: 1.2.0
