// !$*UTF8*$!
{
	archiveVersion = 1;
	classes = {
	};
	objectVersion = 46;
	objects = {

/* Begin PBXBuildFile section */
		78D3D629562399FE560AEBC5 /* Pods_PLEN_Connect.framework in Frameworks */ = {isa = PBXBuildFile; fileRef = D80AE4D4F2DE654D1FC094EE /* Pods_PLEN_Connect.framework */; };
		8ECE58E0E73AC0362BDAB398 /* Pods_PLEN_ConnectTests.framework in Frameworks */ = {isa = PBXBuildFile; fileRef = 4A3E8787085EDD6895D2D1BE /* Pods_PLEN_ConnectTests.framework */; };
		DD224C181E9EFA78005B88D8 /* ConnectViewController+JoystickDelegate.swift in Sources */ = {isa = PBXBuildFile; fileRef = DD224C171E9EFA78005B88D8 /* ConnectViewController+JoystickDelegate.swift */; };
		DDD865141EC53FA200C4FBE3 /* PlenAlert.swift in Sources */ = {isa = PBXBuildFile; fileRef = DDD865131EC53FA200C4FBE3 /* PlenAlert.swift */; };
		EDEA68C944378991BBF4C4E7 /* Pods_PLEN_ConnectUITests.framework in Frameworks */ = {isa = PBXBuildFile; fileRef = 679E5FA21C9B1433C8605AFD /* Pods_PLEN_ConnectUITests.framework */; };
		F81542AB1C8E3E5200E41185 /* AppDelegate.swift in Sources */ = {isa = PBXBuildFile; fileRef = F81542AA1C8E3E5200E41185 /* AppDelegate.swift */; };
		F81542AD1C8E3E5200E41185 /* ProgramViewController.swift in Sources */ = {isa = PBXBuildFile; fileRef = F81542AC1C8E3E5200E41185 /* ProgramViewController.swift */; };
		F81542B01C8E3E5200E41185 /* Main.storyboard in Resources */ = {isa = PBXBuildFile; fileRef = F81542AE1C8E3E5200E41185 /* Main.storyboard */; };
		F81542B21C8E3E5200E41185 /* Assets.xcassets in Resources */ = {isa = PBXBuildFile; fileRef = F81542B11C8E3E5200E41185 /* Assets.xcassets */; };
		F81542B51C8E3E5200E41185 /* LaunchScreen.storyboard in Resources */ = {isa = PBXBuildFile; fileRef = F81542B31C8E3E5200E41185 /* LaunchScreen.storyboard */; };
		F81542C01C8E3E5200E41185 /* ScenographyTests.swift in Sources */ = {isa = PBXBuildFile; fileRef = F81542BF1C8E3E5200E41185 /* ScenographyTests.swift */; };
		F81542CB1C8E3E5200E41185 /* ScenographyUITests.swift in Sources */ = {isa = PBXBuildFile; fileRef = F81542CA1C8E3E5200E41185 /* ScenographyUITests.swift */; };
		F81542EF1C8E3F3700E41185 /* PlenMotionPageViewController.swift in Sources */ = {isa = PBXBuildFile; fileRef = F81542DB1C8E3F3700E41185 /* PlenMotionPageViewController.swift */; };
		F81542F01C8E3F3700E41185 /* PlenMotionPageViewController.xib in Resources */ = {isa = PBXBuildFile; fileRef = F81542DC1C8E3F3700E41185 /* PlenMotionPageViewController.xib */; };
		F81542F11C8E3F3700E41185 /* PlenFunction.swift in Sources */ = {isa = PBXBuildFile; fileRef = F81542DD1C8E3F3700E41185 /* PlenFunction.swift */; };
		F81542F21C8E3F3700E41185 /* PlenFunctionView.swift in Sources */ = {isa = PBXBuildFile; fileRef = F81542DE1C8E3F3700E41185 /* PlenFunctionView.swift */; };
		F81542F31C8E3F3700E41185 /* PlenFunctionView.xib in Resources */ = {isa = PBXBuildFile; fileRef = F81542DF1C8E3F3700E41185 /* PlenFunctionView.xib */; };
		F81542F41C8E3F3700E41185 /* PlenMotion.swift in Sources */ = {isa = PBXBuildFile; fileRef = F81542E01C8E3F3700E41185 /* PlenMotion.swift */; };
		F81542F51C8E3F3700E41185 /* PlenMotionCell.swift in Sources */ = {isa = PBXBuildFile; fileRef = F81542E11C8E3F3700E41185 /* PlenMotionCell.swift */; };
		F81542F61C8E3F3700E41185 /* PlenMotionCell.xib in Resources */ = {isa = PBXBuildFile; fileRef = F81542E21C8E3F3700E41185 /* PlenMotionCell.xib */; };
		F81542F71C8E3F3700E41185 /* PlenMotionTableViewController.swift in Sources */ = {isa = PBXBuildFile; fileRef = F81542E31C8E3F3700E41185 /* PlenMotionTableViewController.swift */; };
		F81542F81C8E3F3700E41185 /* PlenMotionTableViewController.xib in Resources */ = {isa = PBXBuildFile; fileRef = F81542E41C8E3F3700E41185 /* PlenMotionTableViewController.xib */; };
		F81542F91C8E3F3700E41185 /* PlenMotionView.swift in Sources */ = {isa = PBXBuildFile; fileRef = F81542E51C8E3F3700E41185 /* PlenMotionView.swift */; };
		F81542FA1C8E3F3700E41185 /* PlenMotionView.xib in Resources */ = {isa = PBXBuildFile; fileRef = F81542E61C8E3F3700E41185 /* PlenMotionView.xib */; };
		F81542FB1C8E3F3700E41185 /* PLPageViewController.swift in Sources */ = {isa = PBXBuildFile; fileRef = F81542E71C8E3F3700E41185 /* PLPageViewController.swift */; };
		F81542FC1C8E3F3700E41185 /* RxUtils.swift in Sources */ = {isa = PBXBuildFile; fileRef = F81542E81C8E3F3700E41185 /* RxUtils.swift */; };
		F81542FD1C8E3F3700E41185 /* Constants.swift in Sources */ = {isa = PBXBuildFile; fileRef = F81542E91C8E3F3700E41185 /* Constants.swift */; };
		F81542FE1C8E3F3700E41185 /* SwiftUtils.swift in Sources */ = {isa = PBXBuildFile; fileRef = F81542EA1C8E3F3700E41185 /* SwiftUtils.swift */; };
		F81542FF1C8E3F3700E41185 /* UIKitUtils.swift in Sources */ = {isa = PBXBuildFile; fileRef = F81542EB1C8E3F3700E41185 /* UIKitUtils.swift */; };
		F81543071C8E41AC00E41185 /* json in Resources */ = {isa = PBXBuildFile; fileRef = F81543051C8E41AC00E41185 /* json */; };
		F816B8F71E889FB7002B737C /* Localizable.strings in Resources */ = {isa = PBXBuildFile; fileRef = F816B8F91E889FB7002B737C /* Localizable.strings */; };
		F840BF521C9BB7DB009DD90E /* Settings.bundle in Resources */ = {isa = PBXBuildFile; fileRef = F840BF511C9BB7DB009DD90E /* Settings.bundle */; };
		F840BFEA1C9BF836009DD90E /* DebugUtils.swift in Sources */ = {isa = PBXBuildFile; fileRef = F840BFE91C9BF836009DD90E /* DebugUtils.swift */; };
		F840BFEE1C9BFAC2009DD90E /* CoreBluetoothUtils.swift in Sources */ = {isa = PBXBuildFile; fileRef = F840BFEB1C9BFAC2009DD90E /* CoreBluetoothUtils.swift */; };
		F840BFF01C9BFAC2009DD90E /* PlenConnectionError.swift in Sources */ = {isa = PBXBuildFile; fileRef = F840BFED1C9BFAC2009DD90E /* PlenConnectionError.swift */; };
		F87962491C8F130600ADF45D /* PlenFunctionCell.swift in Sources */ = {isa = PBXBuildFile; fileRef = F87962471C8F130600ADF45D /* PlenFunctionCell.swift */; };
		F879624A1C8F130600ADF45D /* PlenFunctionCell.xib in Resources */ = {isa = PBXBuildFile; fileRef = F87962481C8F130600ADF45D /* PlenFunctionCell.xib */; };
		F87962521C8F148400ADF45D /* PlenProgramViewController.swift in Sources */ = {isa = PBXBuildFile; fileRef = F87962501C8F148400ADF45D /* PlenProgramViewController.swift */; };
		F87962531C8F148400ADF45D /* PlenProgramViewController.xib in Resources */ = {isa = PBXBuildFile; fileRef = F87962511C8F148400ADF45D /* PlenProgramViewController.xib */; };
		F87962551C8F321400ADF45D /* PlenMotionCategory.swift in Sources */ = {isa = PBXBuildFile; fileRef = F87962541C8F321400ADF45D /* PlenMotionCategory.swift */; };
		F87962591C8F375800ADF45D /* PlenProgram.swift in Sources */ = {isa = PBXBuildFile; fileRef = F87962581C8F375800ADF45D /* PlenProgram.swift */; };
		F89C37CF1E86242200D920B2 /* Button.swift in Sources */ = {isa = PBXBuildFile; fileRef = F89C37CB1E86242200D920B2 /* Button.swift */; };
		F89C37D01E86242200D920B2 /* JoystickView.swift in Sources */ = {isa = PBXBuildFile; fileRef = F89C37CC1E86242200D920B2 /* JoystickView.swift */; };
		F89C37D11E86242200D920B2 /* ConnectViewController.swift in Sources */ = {isa = PBXBuildFile; fileRef = F89C37CD1E86242200D920B2 /* ConnectViewController.swift */; };
		F8A4B2AD1C9AC94C00F46573 /* PlenConnectionLog.swift in Sources */ = {isa = PBXBuildFile; fileRef = F8A4B2AC1C9AC94C00F46573 /* PlenConnectionLog.swift */; };
		F8AB798A1C95B976003E948F /* PlenJSONUtils.swift in Sources */ = {isa = PBXBuildFile; fileRef = F8AB79891C95B976003E948F /* PlenJSONUtils.swift */; };
		F8C3C87B1C9381F0001E0590 /* PlenConnection.swift in Sources */ = {isa = PBXBuildFile; fileRef = F8C3C87A1C9381F0001E0590 /* PlenConnection.swift */; };
		F8C3C8831C93E45B001E0590 /* PlenScanner.swift in Sources */ = {isa = PBXBuildFile; fileRef = F8C3C8821C93E45B001E0590 /* PlenScanner.swift */; };
		F8C3C8871C93E55A001E0590 /* PlenTxCharacteristicWriter.swift in Sources */ = {isa = PBXBuildFile; fileRef = F8C3C8861C93E55A001E0590 /* PlenTxCharacteristicWriter.swift */; };
		F8C3C8891C93F000001E0590 /* PlenWalk.swift in Sources */ = {isa = PBXBuildFile; fileRef = F8C3C8881C93F000001E0590 /* PlenWalk.swift */; };
		F8CDD23F1C91E4F500431E9E /* DragEvent.swift in Sources */ = {isa = PBXBuildFile; fileRef = F8CDD23E1C91E4F500431E9E /* DragEvent.swift */; };
/* End PBXBuildFile section */

/* Begin PBXContainerItemProxy section */
		F81542BC1C8E3E5200E41185 /* PBXContainerItemProxy */ = {
			isa = PBXContainerItemProxy;
			containerPortal = F815429F1C8E3E5100E41185 /* Project object */;
			proxyType = 1;
			remoteGlobalIDString = F81542A61C8E3E5200E41185;
			remoteInfo = Scenography;
		};
		F81542C71C8E3E5200E41185 /* PBXContainerItemProxy */ = {
			isa = PBXContainerItemProxy;
			containerPortal = F815429F1C8E3E5100E41185 /* Project object */;
			proxyType = 1;
			remoteGlobalIDString = F81542A61C8E3E5200E41185;
			remoteInfo = Scenography;
		};
/* End PBXContainerItemProxy section */

/* Begin PBXFileReference section */
		29E99E2E2051D45EBF7255EA /* Pods-PLEN ConnectUITests.release.xcconfig */ = {isa = PBXFileReference; includeInIndex = 1; lastKnownFileType = text.xcconfig; name = "Pods-PLEN ConnectUITests.release.xcconfig"; path = "Pods/Target Support Files/Pods-PLEN ConnectUITests/Pods-PLEN ConnectUITests.release.xcconfig"; sourceTree = "<group>"; };
		2BF5D2EC0E986F712A366669 /* Pods-PLEN Connect.debug.xcconfig */ = {isa = PBXFileReference; includeInIndex = 1; lastKnownFileType = text.xcconfig; name = "Pods-PLEN Connect.debug.xcconfig"; path = "Pods/Target Support Files/Pods-PLEN Connect/Pods-PLEN Connect.debug.xcconfig"; sourceTree = "<group>"; };
		4A3E8787085EDD6895D2D1BE /* Pods_PLEN_ConnectTests.framework */ = {isa = PBXFileReference; explicitFileType = wrapper.framework; includeInIndex = 0; path = Pods_PLEN_ConnectTests.framework; sourceTree = BUILT_PRODUCTS_DIR; };
		5840D0704BDFA10B71A5BDD9 /* Pods-PLEN ConnectTests.release.xcconfig */ = {isa = PBXFileReference; includeInIndex = 1; lastKnownFileType = text.xcconfig; name = "Pods-PLEN ConnectTests.release.xcconfig"; path = "Pods/Target Support Files/Pods-PLEN ConnectTests/Pods-PLEN ConnectTests.release.xcconfig"; sourceTree = "<group>"; };
		679E5FA21C9B1433C8605AFD /* Pods_PLEN_ConnectUITests.framework */ = {isa = PBXFileReference; explicitFileType = wrapper.framework; includeInIndex = 0; path = Pods_PLEN_ConnectUITests.framework; sourceTree = BUILT_PRODUCTS_DIR; };
		67A262FD94B601B6B85A087B /* Pods-PLEN Connect.release.xcconfig */ = {isa = PBXFileReference; includeInIndex = 1; lastKnownFileType = text.xcconfig; name = "Pods-PLEN Connect.release.xcconfig"; path = "Pods/Target Support Files/Pods-PLEN Connect/Pods-PLEN Connect.release.xcconfig"; sourceTree = "<group>"; };
		D80AE4D4F2DE654D1FC094EE /* Pods_PLEN_Connect.framework */ = {isa = PBXFileReference; explicitFileType = wrapper.framework; includeInIndex = 0; path = Pods_PLEN_Connect.framework; sourceTree = BUILT_PRODUCTS_DIR; };
		DD224C171E9EFA78005B88D8 /* ConnectViewController+JoystickDelegate.swift */ = {isa = PBXFileReference; fileEncoding = 4; lastKnownFileType = sourcecode.swift; path = "ConnectViewController+JoystickDelegate.swift"; sourceTree = "<group>"; };
		DDD865131EC53FA200C4FBE3 /* PlenAlert.swift */ = {isa = PBXFileReference; fileEncoding = 4; lastKnownFileType = sourcecode.swift; path = PlenAlert.swift; sourceTree = "<group>"; };
		E7CD2822CA760953C38DA3E1 /* Pods-PLEN ConnectUITests.debug.xcconfig */ = {isa = PBXFileReference; includeInIndex = 1; lastKnownFileType = text.xcconfig; name = "Pods-PLEN ConnectUITests.debug.xcconfig"; path = "Pods/Target Support Files/Pods-PLEN ConnectUITests/Pods-PLEN ConnectUITests.debug.xcconfig"; sourceTree = "<group>"; };
		ED6295B8C52078962A349477 /* Pods-PLEN ConnectTests.debug.xcconfig */ = {isa = PBXFileReference; includeInIndex = 1; lastKnownFileType = text.xcconfig; name = "Pods-PLEN ConnectTests.debug.xcconfig"; path = "Pods/Target Support Files/Pods-PLEN ConnectTests/Pods-PLEN ConnectTests.debug.xcconfig"; sourceTree = "<group>"; };
		F81542A71C8E3E5200E41185 /* PLEN Connect.app */ = {isa = PBXFileReference; explicitFileType = wrapper.application; includeInIndex = 0; path = "PLEN Connect.app"; sourceTree = BUILT_PRODUCTS_DIR; };
		F81542AA1C8E3E5200E41185 /* AppDelegate.swift */ = {isa = PBXFileReference; lastKnownFileType = sourcecode.swift; path = AppDelegate.swift; sourceTree = "<group>"; };
		F81542AC1C8E3E5200E41185 /* ProgramViewController.swift */ = {isa = PBXFileReference; lastKnownFileType = sourcecode.swift; path = ProgramViewController.swift; sourceTree = "<group>"; };
		F81542AF1C8E3E5200E41185 /* Base */ = {isa = PBXFileReference; lastKnownFileType = file.storyboard; name = Base; path = Base.lproj/Main.storyboard; sourceTree = "<group>"; };
		F81542B11C8E3E5200E41185 /* Assets.xcassets */ = {isa = PBXFileReference; lastKnownFileType = folder.assetcatalog; path = Assets.xcassets; sourceTree = "<group>"; };
		F81542B41C8E3E5200E41185 /* Base */ = {isa = PBXFileReference; lastKnownFileType = file.storyboard; name = Base; path = Base.lproj/LaunchScreen.storyboard; sourceTree = "<group>"; };
		F81542B61C8E3E5200E41185 /* Info.plist */ = {isa = PBXFileReference; lastKnownFileType = text.plist.xml; path = Info.plist; sourceTree = "<group>"; };
		F81542BB1C8E3E5200E41185 /* PLEN ConnectTests.xctest */ = {isa = PBXFileReference; explicitFileType = wrapper.cfbundle; includeInIndex = 0; path = "PLEN ConnectTests.xctest"; sourceTree = BUILT_PRODUCTS_DIR; };
		F81542BF1C8E3E5200E41185 /* ScenographyTests.swift */ = {isa = PBXFileReference; lastKnownFileType = sourcecode.swift; path = ScenographyTests.swift; sourceTree = "<group>"; };
		F81542C11C8E3E5200E41185 /* Info.plist */ = {isa = PBXFileReference; lastKnownFileType = text.plist.xml; path = Info.plist; sourceTree = "<group>"; };
		F81542C61C8E3E5200E41185 /* PLEN ConnectUITests.xctest */ = {isa = PBXFileReference; explicitFileType = wrapper.cfbundle; includeInIndex = 0; path = "PLEN ConnectUITests.xctest"; sourceTree = BUILT_PRODUCTS_DIR; };
		F81542CA1C8E3E5200E41185 /* ScenographyUITests.swift */ = {isa = PBXFileReference; lastKnownFileType = sourcecode.swift; path = ScenographyUITests.swift; sourceTree = "<group>"; };
		F81542CC1C8E3E5200E41185 /* Info.plist */ = {isa = PBXFileReference; lastKnownFileType = text.plist.xml; path = Info.plist; sourceTree = "<group>"; };
		F81542DB1C8E3F3700E41185 /* PlenMotionPageViewController.swift */ = {isa = PBXFileReference; fileEncoding = 4; lastKnownFileType = sourcecode.swift; path = PlenMotionPageViewController.swift; sourceTree = "<group>"; };
		F81542DC1C8E3F3700E41185 /* PlenMotionPageViewController.xib */ = {isa = PBXFileReference; fileEncoding = 4; lastKnownFileType = file.xib; path = PlenMotionPageViewController.xib; sourceTree = "<group>"; };
		F81542DD1C8E3F3700E41185 /* PlenFunction.swift */ = {isa = PBXFileReference; fileEncoding = 4; lastKnownFileType = sourcecode.swift; path = PlenFunction.swift; sourceTree = "<group>"; };
		F81542DE1C8E3F3700E41185 /* PlenFunctionView.swift */ = {isa = PBXFileReference; fileEncoding = 4; lastKnownFileType = sourcecode.swift; path = PlenFunctionView.swift; sourceTree = "<group>"; };
		F81542DF1C8E3F3700E41185 /* PlenFunctionView.xib */ = {isa = PBXFileReference; fileEncoding = 4; lastKnownFileType = file.xib; path = PlenFunctionView.xib; sourceTree = "<group>"; };
		F81542E01C8E3F3700E41185 /* PlenMotion.swift */ = {isa = PBXFileReference; fileEncoding = 4; lastKnownFileType = sourcecode.swift; path = PlenMotion.swift; sourceTree = "<group>"; };
		F81542E11C8E3F3700E41185 /* PlenMotionCell.swift */ = {isa = PBXFileReference; fileEncoding = 4; lastKnownFileType = sourcecode.swift; path = PlenMotionCell.swift; sourceTree = "<group>"; };
		F81542E21C8E3F3700E41185 /* PlenMotionCell.xib */ = {isa = PBXFileReference; fileEncoding = 4; lastKnownFileType = file.xib; path = PlenMotionCell.xib; sourceTree = "<group>"; };
		F81542E31C8E3F3700E41185 /* PlenMotionTableViewController.swift */ = {isa = PBXFileReference; fileEncoding = 4; lastKnownFileType = sourcecode.swift; path = PlenMotionTableViewController.swift; sourceTree = "<group>"; };
		F81542E41C8E3F3700E41185 /* PlenMotionTableViewController.xib */ = {isa = PBXFileReference; fileEncoding = 4; lastKnownFileType = file.xib; path = PlenMotionTableViewController.xib; sourceTree = "<group>"; };
		F81542E51C8E3F3700E41185 /* PlenMotionView.swift */ = {isa = PBXFileReference; fileEncoding = 4; lastKnownFileType = sourcecode.swift; path = PlenMotionView.swift; sourceTree = "<group>"; };
		F81542E61C8E3F3700E41185 /* PlenMotionView.xib */ = {isa = PBXFileReference; fileEncoding = 4; lastKnownFileType = file.xib; path = PlenMotionView.xib; sourceTree = "<group>"; };
		F81542E71C8E3F3700E41185 /* PLPageViewController.swift */ = {isa = PBXFileReference; fileEncoding = 4; lastKnownFileType = sourcecode.swift; path = PLPageViewController.swift; sourceTree = "<group>"; };
		F81542E81C8E3F3700E41185 /* RxUtils.swift */ = {isa = PBXFileReference; fileEncoding = 4; lastKnownFileType = sourcecode.swift; path = RxUtils.swift; sourceTree = "<group>"; };
		F81542E91C8E3F3700E41185 /* Constants.swift */ = {isa = PBXFileReference; fileEncoding = 4; lastKnownFileType = sourcecode.swift; path = Constants.swift; sourceTree = "<group>"; };
		F81542EA1C8E3F3700E41185 /* SwiftUtils.swift */ = {isa = PBXFileReference; fileEncoding = 4; lastKnownFileType = sourcecode.swift; path = SwiftUtils.swift; sourceTree = "<group>"; };
		F81542EB1C8E3F3700E41185 /* UIKitUtils.swift */ = {isa = PBXFileReference; fileEncoding = 4; lastKnownFileType = sourcecode.swift; path = UIKitUtils.swift; sourceTree = "<group>"; };
		F81543051C8E41AC00E41185 /* json */ = {isa = PBXFileReference; lastKnownFileType = folder; path = json; sourceTree = "<group>"; };
		F81543081C8E485D00E41185 /* MyPlayground.playground */ = {isa = PBXFileReference; lastKnownFileType = file.playground; path = MyPlayground.playground; sourceTree = "<group>"; };
		F816B8F81E889FB7002B737C /* Base */ = {isa = PBXFileReference; lastKnownFileType = text.plist.strings; name = Base; path = Base.lproj/Localizable.strings; sourceTree = "<group>"; };
		F816B8FA1E889FE9002B737C /* ja */ = {isa = PBXFileReference; lastKnownFileType = text.plist.strings; name = ja; path = ja.lproj/Localizable.strings; sourceTree = "<group>"; };
		F840BF511C9BB7DB009DD90E /* Settings.bundle */ = {isa = PBXFileReference; lastKnownFileType = "wrapper.plug-in"; path = Settings.bundle; sourceTree = "<group>"; };
		F840BFE91C9BF836009DD90E /* DebugUtils.swift */ = {isa = PBXFileReference; fileEncoding = 4; lastKnownFileType = sourcecode.swift; path = DebugUtils.swift; sourceTree = "<group>"; };
		F840BFEB1C9BFAC2009DD90E /* CoreBluetoothUtils.swift */ = {isa = PBXFileReference; fileEncoding = 4; lastKnownFileType = sourcecode.swift; path = CoreBluetoothUtils.swift; sourceTree = "<group>"; };
		F840BFED1C9BFAC2009DD90E /* PlenConnectionError.swift */ = {isa = PBXFileReference; fileEncoding = 4; lastKnownFileType = sourcecode.swift; path = PlenConnectionError.swift; sourceTree = "<group>"; };
		F87962471C8F130600ADF45D /* PlenFunctionCell.swift */ = {isa = PBXFileReference; fileEncoding = 4; lastKnownFileType = sourcecode.swift; path = PlenFunctionCell.swift; sourceTree = "<group>"; };
		F87962481C8F130600ADF45D /* PlenFunctionCell.xib */ = {isa = PBXFileReference; fileEncoding = 4; lastKnownFileType = file.xib; path = PlenFunctionCell.xib; sourceTree = "<group>"; };
		F87962501C8F148400ADF45D /* PlenProgramViewController.swift */ = {isa = PBXFileReference; fileEncoding = 4; lastKnownFileType = sourcecode.swift; path = PlenProgramViewController.swift; sourceTree = "<group>"; };
		F87962511C8F148400ADF45D /* PlenProgramViewController.xib */ = {isa = PBXFileReference; fileEncoding = 4; lastKnownFileType = file.xib; path = PlenProgramViewController.xib; sourceTree = "<group>"; };
		F87962541C8F321400ADF45D /* PlenMotionCategory.swift */ = {isa = PBXFileReference; fileEncoding = 4; lastKnownFileType = sourcecode.swift; path = PlenMotionCategory.swift; sourceTree = "<group>"; };
		F87962581C8F375800ADF45D /* PlenProgram.swift */ = {isa = PBXFileReference; fileEncoding = 4; lastKnownFileType = sourcecode.swift; path = PlenProgram.swift; sourceTree = "<group>"; };
		F89C37CB1E86242200D920B2 /* Button.swift */ = {isa = PBXFileReference; fileEncoding = 4; lastKnownFileType = sourcecode.swift; path = Button.swift; sourceTree = "<group>"; };
		F89C37CC1E86242200D920B2 /* JoystickView.swift */ = {isa = PBXFileReference; fileEncoding = 4; lastKnownFileType = sourcecode.swift; path = JoystickView.swift; sourceTree = "<group>"; };
		F89C37CD1E86242200D920B2 /* ConnectViewController.swift */ = {isa = PBXFileReference; fileEncoding = 4; lastKnownFileType = sourcecode.swift; path = ConnectViewController.swift; sourceTree = "<group>"; };
		F8A4B2AC1C9AC94C00F46573 /* PlenConnectionLog.swift */ = {isa = PBXFileReference; fileEncoding = 4; lastKnownFileType = sourcecode.swift; path = PlenConnectionLog.swift; sourceTree = "<group>"; };
		F8AB79891C95B976003E948F /* PlenJSONUtils.swift */ = {isa = PBXFileReference; fileEncoding = 4; lastKnownFileType = sourcecode.swift; path = PlenJSONUtils.swift; sourceTree = "<group>"; };
		F8C3C87A1C9381F0001E0590 /* PlenConnection.swift */ = {isa = PBXFileReference; fileEncoding = 4; lastKnownFileType = sourcecode.swift; path = PlenConnection.swift; sourceTree = "<group>"; };
		F8C3C8821C93E45B001E0590 /* PlenScanner.swift */ = {isa = PBXFileReference; fileEncoding = 4; lastKnownFileType = sourcecode.swift; path = PlenScanner.swift; sourceTree = "<group>"; };
		F8C3C8861C93E55A001E0590 /* PlenTxCharacteristicWriter.swift */ = {isa = PBXFileReference; fileEncoding = 4; lastKnownFileType = sourcecode.swift; path = PlenTxCharacteristicWriter.swift; sourceTree = "<group>"; };
		F8C3C8881C93F000001E0590 /* PlenWalk.swift */ = {isa = PBXFileReference; fileEncoding = 4; lastKnownFileType = sourcecode.swift; path = PlenWalk.swift; sourceTree = "<group>"; };
		F8CDD23E1C91E4F500431E9E /* DragEvent.swift */ = {isa = PBXFileReference; fileEncoding = 4; lastKnownFileType = sourcecode.swift; path = DragEvent.swift; sourceTree = "<group>"; };
/* End PBXFileReference section */

/* Begin PBXFrameworksBuildPhase section */
		F81542A41C8E3E5200E41185 /* Frameworks */ = {
			isa = PBXFrameworksBuildPhase;
			buildActionMask = 2147483647;
			files = (
				78D3D629562399FE560AEBC5 /* Pods_PLEN_Connect.framework in Frameworks */,
			);
			runOnlyForDeploymentPostprocessing = 0;
		};
		F81542B81C8E3E5200E41185 /* Frameworks */ = {
			isa = PBXFrameworksBuildPhase;
			buildActionMask = 2147483647;
			files = (
				8ECE58E0E73AC0362BDAB398 /* Pods_PLEN_ConnectTests.framework in Frameworks */,
			);
			runOnlyForDeploymentPostprocessing = 0;
		};
		F81542C31C8E3E5200E41185 /* Frameworks */ = {
			isa = PBXFrameworksBuildPhase;
			buildActionMask = 2147483647;
			files = (
				EDEA68C944378991BBF4C4E7 /* Pods_PLEN_ConnectUITests.framework in Frameworks */,
			);
			runOnlyForDeploymentPostprocessing = 0;
		};
/* End PBXFrameworksBuildPhase section */

/* Begin PBXGroup section */
		7AB9EB1C229CB32594CF653F /* Pods */ = {
			isa = PBXGroup;
			children = (
				2BF5D2EC0E986F712A366669 /* Pods-PLEN Connect.debug.xcconfig */,
				67A262FD94B601B6B85A087B /* Pods-PLEN Connect.release.xcconfig */,
				ED6295B8C52078962A349477 /* Pods-PLEN ConnectTests.debug.xcconfig */,
				5840D0704BDFA10B71A5BDD9 /* Pods-PLEN ConnectTests.release.xcconfig */,
				E7CD2822CA760953C38DA3E1 /* Pods-PLEN ConnectUITests.debug.xcconfig */,
				29E99E2E2051D45EBF7255EA /* Pods-PLEN ConnectUITests.release.xcconfig */,
			);
			name = Pods;
			sourceTree = "<group>";
		};
		C481B6831D3ACD3B965E5C42 /* Frameworks */ = {
			isa = PBXGroup;
			children = (
				D80AE4D4F2DE654D1FC094EE /* Pods_PLEN_Connect.framework */,
				4A3E8787085EDD6895D2D1BE /* Pods_PLEN_ConnectTests.framework */,
				679E5FA21C9B1433C8605AFD /* Pods_PLEN_ConnectUITests.framework */,
			);
			name = Frameworks;
			sourceTree = "<group>";
		};
		DD224C0F1E9EF81C005B88D8 /* PlenMotionPageViewController */ = {
			isa = PBXGroup;
			children = (
				F81542DB1C8E3F3700E41185 /* PlenMotionPageViewController.swift */,
				F81542DC1C8E3F3700E41185 /* PlenMotionPageViewController.xib */,
			);
			name = PlenMotionPageViewController;
			sourceTree = "<group>";
		};
		DD224C101E9EF830005B88D8 /* PlenMotionTableViewController */ = {
			isa = PBXGroup;
			children = (
				F81542E31C8E3F3700E41185 /* PlenMotionTableViewController.swift */,
				F81542E41C8E3F3700E41185 /* PlenMotionTableViewController.xib */,
			);
			name = PlenMotionTableViewController;
			sourceTree = "<group>";
		};
		DD224C111E9EF83D005B88D8 /* PlenProgramViewController */ = {
			isa = PBXGroup;
			children = (
				F87962501C8F148400ADF45D /* PlenProgramViewController.swift */,
				F87962511C8F148400ADF45D /* PlenProgramViewController.xib */,
			);
			name = PlenProgramViewController;
			sourceTree = "<group>";
		};
		DD224C121E9EF866005B88D8 /* PlenMotionCell */ = {
			isa = PBXGroup;
			children = (
				F81542E11C8E3F3700E41185 /* PlenMotionCell.swift */,
				F81542E21C8E3F3700E41185 /* PlenMotionCell.xib */,
			);
			name = PlenMotionCell;
			sourceTree = "<group>";
		};
		DD224C131E9EF86E005B88D8 /* PlenFunctionCell */ = {
			isa = PBXGroup;
			children = (
				F87962471C8F130600ADF45D /* PlenFunctionCell.swift */,
				F87962481C8F130600ADF45D /* PlenFunctionCell.xib */,
			);
			name = PlenFunctionCell;
			sourceTree = "<group>";
		};
		DD224C161E9EFA67005B88D8 /* ConnectViewController */ = {
			isa = PBXGroup;
			children = (
				F89C37CD1E86242200D920B2 /* ConnectViewController.swift */,
				DD224C171E9EFA78005B88D8 /* ConnectViewController+JoystickDelegate.swift */,
			);
			name = ConnectViewController;
			sourceTree = "<group>";
		};
		DD224C191E9F0052005B88D8 /* PlenFunctionView */ = {
			isa = PBXGroup;
			children = (
				F81542DE1C8E3F3700E41185 /* PlenFunctionView.swift */,
				F81542DF1C8E3F3700E41185 /* PlenFunctionView.xib */,
			);
			name = PlenFunctionView;
			sourceTree = "<group>";
		};
		DD224C1A1E9F005D005B88D8 /* PlenMotionView */ = {
			isa = PBXGroup;
			children = (
				F81542E51C8E3F3700E41185 /* PlenMotionView.swift */,
				F81542E61C8E3F3700E41185 /* PlenMotionView.xib */,
			);
			name = PlenMotionView;
			sourceTree = "<group>";
		};
		F815429E1C8E3E5100E41185 = {
			isa = PBXGroup;
			children = (
				F81543051C8E41AC00E41185 /* json */,
				F81542A91C8E3E5200E41185 /* Connect */,
				F81542BE1C8E3E5200E41185 /* ConnectTests */,
				F81542C91C8E3E5200E41185 /* ConnectUITests */,
				F81542A81C8E3E5200E41185 /* Products */,
				7AB9EB1C229CB32594CF653F /* Pods */,
				C481B6831D3ACD3B965E5C42 /* Frameworks */,
			);
			sourceTree = "<group>";
		};
		F81542A81C8E3E5200E41185 /* Products */ = {
			isa = PBXGroup;
			children = (
				F81542A71C8E3E5200E41185 /* PLEN Connect.app */,
				F81542BB1C8E3E5200E41185 /* PLEN ConnectTests.xctest */,
				F81542C61C8E3E5200E41185 /* PLEN ConnectUITests.xctest */,
			);
			name = Products;
			sourceTree = "<group>";
		};
		F81542A91C8E3E5200E41185 /* Connect */ = {
			isa = PBXGroup;
			children = (
				F873CA1F1C90E5EA00B1B74C /* Application */,
				F840BFE81C9BF7F3009DD90E /* Framework */,
				F8C3C8791C9381CE001E0590 /* Bluetooth */,
				F81543011C8E3F8800E41185 /* Utils */,
				F81543031C8E3FD500E41185 /* Entities */,
				F81543001C8E3F6000E41185 /* ViewControllers */,
				F81543021C8E3FAC00E41185 /* Views */,
				F81543081C8E485D00E41185 /* MyPlayground.playground */,
			);
			name = Connect;
			path = Scenography;
			sourceTree = "<group>";
		};
		F81542BE1C8E3E5200E41185 /* ConnectTests */ = {
			isa = PBXGroup;
			children = (
				F81542BF1C8E3E5200E41185 /* ScenographyTests.swift */,
				F81542C11C8E3E5200E41185 /* Info.plist */,
			);
			name = ConnectTests;
			path = ScenographyTests;
			sourceTree = "<group>";
		};
		F81542C91C8E3E5200E41185 /* ConnectUITests */ = {
			isa = PBXGroup;
			children = (
				F81542CA1C8E3E5200E41185 /* ScenographyUITests.swift */,
				F81542CC1C8E3E5200E41185 /* Info.plist */,
			);
			name = ConnectUITests;
			path = ScenographyUITests;
			sourceTree = "<group>";
		};
		F81543001C8E3F6000E41185 /* ViewControllers */ = {
			isa = PBXGroup;
			children = (
				DD224C161E9EFA67005B88D8 /* ConnectViewController */,
				F81542AC1C8E3E5200E41185 /* ProgramViewController.swift */,
				F81542E71C8E3F3700E41185 /* PLPageViewController.swift */,
				DD224C0F1E9EF81C005B88D8 /* PlenMotionPageViewController */,
				DD224C101E9EF830005B88D8 /* PlenMotionTableViewController */,
				DD224C111E9EF83D005B88D8 /* PlenProgramViewController */,
			);
			name = ViewControllers;
			sourceTree = "<group>";
		};
		F81543011C8E3F8800E41185 /* Utils */ = {
			isa = PBXGroup;
			children = (
				F81542EA1C8E3F3700E41185 /* SwiftUtils.swift */,
				F81542EB1C8E3F3700E41185 /* UIKitUtils.swift */,
				F81542E81C8E3F3700E41185 /* RxUtils.swift */,
				F8AB79891C95B976003E948F /* PlenJSONUtils.swift */,
				F840BFEB1C9BFAC2009DD90E /* CoreBluetoothUtils.swift */,
				F840BFE91C9BF836009DD90E /* DebugUtils.swift */,
			);
			name = Utils;
			sourceTree = "<group>";
		};
		F81543021C8E3FAC00E41185 /* Views */ = {
			isa = PBXGroup;
			children = (
				F89C37CB1E86242200D920B2 /* Button.swift */,
				F89C37CC1E86242200D920B2 /* JoystickView.swift */,
				F879624B1C8F13FD00ADF45D /* TableViewCells */,
				DD224C191E9F0052005B88D8 /* PlenFunctionView */,
				DD224C1A1E9F005D005B88D8 /* PlenMotionView */,
			);
			name = Views;
			sourceTree = "<group>";
		};
		F81543031C8E3FD500E41185 /* Entities */ = {
			isa = PBXGroup;
			children = (
				F81542DD1C8E3F3700E41185 /* PlenFunction.swift */,
				F81542E01C8E3F3700E41185 /* PlenMotion.swift */,
				F87962541C8F321400ADF45D /* PlenMotionCategory.swift */,
				F87962581C8F375800ADF45D /* PlenProgram.swift */,
				F8C3C8881C93F000001E0590 /* PlenWalk.swift */,
				F8A4B2AC1C9AC94C00F46573 /* PlenConnectionLog.swift */,
				DDD865131EC53FA200C4FBE3 /* PlenAlert.swift */,
			);
			name = Entities;
			sourceTree = "<group>";
		};
		F840BFE81C9BF7F3009DD90E /* Framework */ = {
			isa = PBXGroup;
			children = (
				F8CDD23E1C91E4F500431E9E /* DragEvent.swift */,
			);
			name = Framework;
			sourceTree = "<group>";
		};
		F873CA1F1C90E5EA00B1B74C /* Application */ = {
			isa = PBXGroup;
			children = (
				F81542AA1C8E3E5200E41185 /* AppDelegate.swift */,
				F81542AE1C8E3E5200E41185 /* Main.storyboard */,
				F81542B31C8E3E5200E41185 /* LaunchScreen.storyboard */,
				F81542E91C8E3F3700E41185 /* Constants.swift */,
				F81542B11C8E3E5200E41185 /* Assets.xcassets */,
				F81542B61C8E3E5200E41185 /* Info.plist */,
				F840BF511C9BB7DB009DD90E /* Settings.bundle */,
				F816B8F91E889FB7002B737C /* Localizable.strings */,
			);
			name = Application;
			sourceTree = "<group>";
		};
		F879624B1C8F13FD00ADF45D /* TableViewCells */ = {
			isa = PBXGroup;
			children = (
				DD224C121E9EF866005B88D8 /* PlenMotionCell */,
				DD224C131E9EF86E005B88D8 /* PlenFunctionCell */,
			);
			name = TableViewCells;
			sourceTree = "<group>";
		};
		F8C3C8791C9381CE001E0590 /* Bluetooth */ = {
			isa = PBXGroup;
			children = (
				F840BFED1C9BFAC2009DD90E /* PlenConnectionError.swift */,
				F8C3C87A1C9381F0001E0590 /* PlenConnection.swift */,
				F8C3C8821C93E45B001E0590 /* PlenScanner.swift */,
				F8C3C8861C93E55A001E0590 /* PlenTxCharacteristicWriter.swift */,
			);
			name = Bluetooth;
			sourceTree = "<group>";
		};
/* End PBXGroup section */

/* Begin PBXNativeTarget section */
		F81542A61C8E3E5200E41185 /* PLEN Connect */ = {
			isa = PBXNativeTarget;
			buildConfigurationList = F81542CF1C8E3E5200E41185 /* Build configuration list for PBXNativeTarget "PLEN Connect" */;
			buildPhases = (
				039933803F863A0D97ED43BC /* [CP] Check Pods Manifest.lock */,
				F81542A31C8E3E5200E41185 /* Sources */,
				F81542A41C8E3E5200E41185 /* Frameworks */,
				F81542A51C8E3E5200E41185 /* Resources */,
				3E7107ED1E8180BFBE01E783 /* [CP] Embed Pods Frameworks */,
				8C21279B8452D06747F62B57 /* [CP] Copy Pods Resources */,
			);
			buildRules = (
			);
			dependencies = (
			);
			name = "PLEN Connect";
			productName = Scenography;
			productReference = F81542A71C8E3E5200E41185 /* PLEN Connect.app */;
			productType = "com.apple.product-type.application";
		};
		F81542BA1C8E3E5200E41185 /* PLEN ConnectTests */ = {
			isa = PBXNativeTarget;
			buildConfigurationList = F81542D21C8E3E5200E41185 /* Build configuration list for PBXNativeTarget "PLEN ConnectTests" */;
			buildPhases = (
				7031117347C967C791A1C378 /* [CP] Check Pods Manifest.lock */,
				F81542B71C8E3E5200E41185 /* Sources */,
				F81542B81C8E3E5200E41185 /* Frameworks */,
				F81542B91C8E3E5200E41185 /* Resources */,
				EE20E83DCB64A89623B043E8 /* [CP] Embed Pods Frameworks */,
				4D76F2C12BF53BE0F726040C /* [CP] Copy Pods Resources */,
			);
			buildRules = (
			);
			dependencies = (
				F81542BD1C8E3E5200E41185 /* PBXTargetDependency */,
			);
			name = "PLEN ConnectTests";
			productName = ScenographyTests;
			productReference = F81542BB1C8E3E5200E41185 /* PLEN ConnectTests.xctest */;
			productType = "com.apple.product-type.bundle.unit-test";
		};
		F81542C51C8E3E5200E41185 /* PLEN ConnectUITests */ = {
			isa = PBXNativeTarget;
			buildConfigurationList = F81542D51C8E3E5200E41185 /* Build configuration list for PBXNativeTarget "PLEN ConnectUITests" */;
			buildPhases = (
				588DD0142C70E15E058DDF38 /* [CP] Check Pods Manifest.lock */,
				F81542C21C8E3E5200E41185 /* Sources */,
				F81542C31C8E3E5200E41185 /* Frameworks */,
				F81542C41C8E3E5200E41185 /* Resources */,
				5854FE122F86C04636378932 /* [CP] Embed Pods Frameworks */,
				7650C05969F472A00ABE2C5E /* [CP] Copy Pods Resources */,
			);
			buildRules = (
			);
			dependencies = (
				F81542C81C8E3E5200E41185 /* PBXTargetDependency */,
			);
			name = "PLEN ConnectUITests";
			productName = ScenographyUITests;
			productReference = F81542C61C8E3E5200E41185 /* PLEN ConnectUITests.xctest */;
			productType = "com.apple.product-type.bundle.ui-testing";
		};
/* End PBXNativeTarget section */

/* Begin PBXProject section */
		F815429F1C8E3E5100E41185 /* Project object */ = {
			isa = PBXProject;
			attributes = {
				LastSwiftUpdateCheck = 0720;
				LastUpgradeCheck = 0820;
				ORGANIZATIONNAME = "PLEN Project";
				TargetAttributes = {
					F81542A61C8E3E5200E41185 = {
						CreatedOnToolsVersion = 7.2.1;
						DevelopmentTeam = 9ME882KZTA;
						LastSwiftMigration = 0820;
					};
					F81542BA1C8E3E5200E41185 = {
						CreatedOnToolsVersion = 7.2.1;
						LastSwiftMigration = 0820;
						TestTargetID = F81542A61C8E3E5200E41185;
					};
					F81542C51C8E3E5200E41185 = {
						CreatedOnToolsVersion = 7.2.1;
						LastSwiftMigration = 0820;
						TestTargetID = F81542A61C8E3E5200E41185;
					};
				};
			};
			buildConfigurationList = F81542A21C8E3E5100E41185 /* Build configuration list for PBXProject "PLEN Connect" */;
			compatibilityVersion = "Xcode 3.2";
			developmentRegion = English;
			hasScannedForEncodings = 0;
			knownRegions = (
				en,
				Base,
				ja,
			);
			mainGroup = F815429E1C8E3E5100E41185;
			productRefGroup = F81542A81C8E3E5200E41185 /* Products */;
			projectDirPath = "";
			projectRoot = "";
			targets = (
				F81542A61C8E3E5200E41185 /* PLEN Connect */,
				F81542BA1C8E3E5200E41185 /* PLEN ConnectTests */,
				F81542C51C8E3E5200E41185 /* PLEN ConnectUITests */,
			);
		};
/* End PBXProject section */

/* Begin PBXResourcesBuildPhase section */
		F81542A51C8E3E5200E41185 /* Resources */ = {
			isa = PBXResourcesBuildPhase;
			buildActionMask = 2147483647;
			files = (
				F81543071C8E41AC00E41185 /* json in Resources */,
				F81542B51C8E3E5200E41185 /* LaunchScreen.storyboard in Resources */,
				F81542F31C8E3F3700E41185 /* PlenFunctionView.xib in Resources */,
				F87962531C8F148400ADF45D /* PlenProgramViewController.xib in Resources */,
				F81542B21C8E3E5200E41185 /* Assets.xcassets in Resources */,
				F879624A1C8F130600ADF45D /* PlenFunctionCell.xib in Resources */,
				F840BF521C9BB7DB009DD90E /* Settings.bundle in Resources */,
				F81542FA1C8E3F3700E41185 /* PlenMotionView.xib in Resources */,
				F81542F01C8E3F3700E41185 /* PlenMotionPageViewController.xib in Resources */,
				F81542F81C8E3F3700E41185 /* PlenMotionTableViewController.xib in Resources */,
				F816B8F71E889FB7002B737C /* Localizable.strings in Resources */,
				F81542F61C8E3F3700E41185 /* PlenMotionCell.xib in Resources */,
				F81542B01C8E3E5200E41185 /* Main.storyboard in Resources */,
			);
			runOnlyForDeploymentPostprocessing = 0;
		};
		F81542B91C8E3E5200E41185 /* Resources */ = {
			isa = PBXResourcesBuildPhase;
			buildActionMask = 2147483647;
			files = (
			);
			runOnlyForDeploymentPostprocessing = 0;
		};
		F81542C41C8E3E5200E41185 /* Resources */ = {
			isa = PBXResourcesBuildPhase;
			buildActionMask = 2147483647;
			files = (
			);
			runOnlyForDeploymentPostprocessing = 0;
		};
/* End PBXResourcesBuildPhase section */

/* Begin PBXShellScriptBuildPhase section */
		039933803F863A0D97ED43BC /* [CP] Check Pods Manifest.lock */ = {
			isa = PBXShellScriptBuildPhase;
			buildActionMask = 2147483647;
			files = (
			);
			inputPaths = (
			);
			name = "[CP] Check Pods Manifest.lock";
			outputPaths = (
			);
			runOnlyForDeploymentPostprocessing = 0;
			shellPath = /bin/sh;
			shellScript = "diff \"${PODS_ROOT}/../Podfile.lock\" \"${PODS_ROOT}/Manifest.lock\" > /dev/null\nif [ $? != 0 ] ; then\n    # print error to STDERR\n    echo \"error: The sandbox is not in sync with the Podfile.lock. Run 'pod install' or update your CocoaPods installation.\" >&2\n    exit 1\nfi\n";
			showEnvVarsInLog = 0;
		};
		3E7107ED1E8180BFBE01E783 /* [CP] Embed Pods Frameworks */ = {
			isa = PBXShellScriptBuildPhase;
			buildActionMask = 2147483647;
			files = (
			);
			inputPaths = (
			);
			name = "[CP] Embed Pods Frameworks";
			outputPaths = (
			);
			runOnlyForDeploymentPostprocessing = 0;
			shellPath = /bin/sh;
			shellScript = "\"${SRCROOT}/Pods/Target Support Files/Pods-PLEN Connect/Pods-PLEN Connect-frameworks.sh\"\n";
			showEnvVarsInLog = 0;
		};
		4D76F2C12BF53BE0F726040C /* [CP] Copy Pods Resources */ = {
			isa = PBXShellScriptBuildPhase;
			buildActionMask = 2147483647;
			files = (
			);
			inputPaths = (
			);
			name = "[CP] Copy Pods Resources";
			outputPaths = (
			);
			runOnlyForDeploymentPostprocessing = 0;
			shellPath = /bin/sh;
			shellScript = "\"${SRCROOT}/Pods/Target Support Files/Pods-PLEN ConnectTests/Pods-PLEN ConnectTests-resources.sh\"\n";
			showEnvVarsInLog = 0;
		};
		5854FE122F86C04636378932 /* [CP] Embed Pods Frameworks */ = {
			isa = PBXShellScriptBuildPhase;
			buildActionMask = 2147483647;
			files = (
			);
			inputPaths = (
			);
			name = "[CP] Embed Pods Frameworks";
			outputPaths = (
			);
			runOnlyForDeploymentPostprocessing = 0;
			shellPath = /bin/sh;
			shellScript = "\"${SRCROOT}/Pods/Target Support Files/Pods-PLEN ConnectUITests/Pods-PLEN ConnectUITests-frameworks.sh\"\n";
			showEnvVarsInLog = 0;
		};
		588DD0142C70E15E058DDF38 /* [CP] Check Pods Manifest.lock */ = {
			isa = PBXShellScriptBuildPhase;
			buildActionMask = 2147483647;
			files = (
			);
			inputPaths = (
			);
			name = "[CP] Check Pods Manifest.lock";
			outputPaths = (
			);
			runOnlyForDeploymentPostprocessing = 0;
			shellPath = /bin/sh;
			shellScript = "diff \"${PODS_ROOT}/../Podfile.lock\" \"${PODS_ROOT}/Manifest.lock\" > /dev/null\nif [ $? != 0 ] ; then\n    # print error to STDERR\n    echo \"error: The sandbox is not in sync with the Podfile.lock. Run 'pod install' or update your CocoaPods installation.\" >&2\n    exit 1\nfi\n";
			showEnvVarsInLog = 0;
		};
		7031117347C967C791A1C378 /* [CP] Check Pods Manifest.lock */ = {
			isa = PBXShellScriptBuildPhase;
			buildActionMask = 2147483647;
			files = (
			);
			inputPaths = (
			);
			name = "[CP] Check Pods Manifest.lock";
			outputPaths = (
			);
			runOnlyForDeploymentPostprocessing = 0;
			shellPath = /bin/sh;
			shellScript = "diff \"${PODS_ROOT}/../Podfile.lock\" \"${PODS_ROOT}/Manifest.lock\" > /dev/null\nif [ $? != 0 ] ; then\n    # print error to STDERR\n    echo \"error: The sandbox is not in sync with the Podfile.lock. Run 'pod install' or update your CocoaPods installation.\" >&2\n    exit 1\nfi\n";
			showEnvVarsInLog = 0;
		};
		7650C05969F472A00ABE2C5E /* [CP] Copy Pods Resources */ = {
			isa = PBXShellScriptBuildPhase;
			buildActionMask = 2147483647;
			files = (
			);
			inputPaths = (
			);
			name = "[CP] Copy Pods Resources";
			outputPaths = (
			);
			runOnlyForDeploymentPostprocessing = 0;
			shellPath = /bin/sh;
			shellScript = "\"${SRCROOT}/Pods/Target Support Files/Pods-PLEN ConnectUITests/Pods-PLEN ConnectUITests-resources.sh\"\n";
			showEnvVarsInLog = 0;
		};
		8C21279B8452D06747F62B57 /* [CP] Copy Pods Resources */ = {
			isa = PBXShellScriptBuildPhase;
			buildActionMask = 2147483647;
			files = (
			);
			inputPaths = (
			);
			name = "[CP] Copy Pods Resources";
			outputPaths = (
			);
			runOnlyForDeploymentPostprocessing = 0;
			shellPath = /bin/sh;
			shellScript = "\"${SRCROOT}/Pods/Target Support Files/Pods-PLEN Connect/Pods-PLEN Connect-resources.sh\"\n";
			showEnvVarsInLog = 0;
		};
		EE20E83DCB64A89623B043E8 /* [CP] Embed Pods Frameworks */ = {
			isa = PBXShellScriptBuildPhase;
			buildActionMask = 2147483647;
			files = (
			);
			inputPaths = (
			);
			name = "[CP] Embed Pods Frameworks";
			outputPaths = (
			);
			runOnlyForDeploymentPostprocessing = 0;
			shellPath = /bin/sh;
			shellScript = "\"${SRCROOT}/Pods/Target Support Files/Pods-PLEN ConnectTests/Pods-PLEN ConnectTests-frameworks.sh\"\n";
			showEnvVarsInLog = 0;
		};
/* End PBXShellScriptBuildPhase section */

/* Begin PBXSourcesBuildPhase section */
		F81542A31C8E3E5200E41185 /* Sources */ = {
			isa = PBXSourcesBuildPhase;
			buildActionMask = 2147483647;
			files = (
				F81542F11C8E3F3700E41185 /* PlenFunction.swift in Sources */,
				F87962551C8F321400ADF45D /* PlenMotionCategory.swift in Sources */,
				F81542AD1C8E3E5200E41185 /* ProgramViewController.swift in Sources */,
				F8AB798A1C95B976003E948F /* PlenJSONUtils.swift in Sources */,
				F87962491C8F130600ADF45D /* PlenFunctionCell.swift in Sources */,
				F89C37CF1E86242200D920B2 /* Button.swift in Sources */,
				F81542FD1C8E3F3700E41185 /* Constants.swift in Sources */,
				F8CDD23F1C91E4F500431E9E /* DragEvent.swift in Sources */,
				F8C3C87B1C9381F0001E0590 /* PlenConnection.swift in Sources */,
				F81542F91C8E3F3700E41185 /* PlenMotionView.swift in Sources */,
				F81542EF1C8E3F3700E41185 /* PlenMotionPageViewController.swift in Sources */,
				F840BFEA1C9BF836009DD90E /* DebugUtils.swift in Sources */,
				F89C37D11E86242200D920B2 /* ConnectViewController.swift in Sources */,
				F8A4B2AD1C9AC94C00F46573 /* PlenConnectionLog.swift in Sources */,
				F81542F51C8E3F3700E41185 /* PlenMotionCell.swift in Sources */,
				F81542AB1C8E3E5200E41185 /* AppDelegate.swift in Sources */,
				F81542FB1C8E3F3700E41185 /* PLPageViewController.swift in Sources */,
				F81542FE1C8E3F3700E41185 /* SwiftUtils.swift in Sources */,
				F87962591C8F375800ADF45D /* PlenProgram.swift in Sources */,
				DDD865141EC53FA200C4FBE3 /* PlenAlert.swift in Sources */,
				F81542FC1C8E3F3700E41185 /* RxUtils.swift in Sources */,
				F8C3C8831C93E45B001E0590 /* PlenScanner.swift in Sources */,
				F8C3C8871C93E55A001E0590 /* PlenTxCharacteristicWriter.swift in Sources */,
				F81542F71C8E3F3700E41185 /* PlenMotionTableViewController.swift in Sources */,
				F89C37D01E86242200D920B2 /* JoystickView.swift in Sources */,
				F840BFF01C9BFAC2009DD90E /* PlenConnectionError.swift in Sources */,
				DD224C181E9EFA78005B88D8 /* ConnectViewController+JoystickDelegate.swift in Sources */,
				F87962521C8F148400ADF45D /* PlenProgramViewController.swift in Sources */,
				F840BFEE1C9BFAC2009DD90E /* CoreBluetoothUtils.swift in Sources */,
				F81542F21C8E3F3700E41185 /* PlenFunctionView.swift in Sources */,
				F81542F41C8E3F3700E41185 /* PlenMotion.swift in Sources */,
				F8C3C8891C93F000001E0590 /* PlenWalk.swift in Sources */,
				F81542FF1C8E3F3700E41185 /* UIKitUtils.swift in Sources */,
			);
			runOnlyForDeploymentPostprocessing = 0;
		};
		F81542B71C8E3E5200E41185 /* Sources */ = {
			isa = PBXSourcesBuildPhase;
			buildActionMask = 2147483647;
			files = (
				F81542C01C8E3E5200E41185 /* ScenographyTests.swift in Sources */,
			);
			runOnlyForDeploymentPostprocessing = 0;
		};
		F81542C21C8E3E5200E41185 /* Sources */ = {
			isa = PBXSourcesBuildPhase;
			buildActionMask = 2147483647;
			files = (
				F81542CB1C8E3E5200E41185 /* ScenographyUITests.swift in Sources */,
			);
			runOnlyForDeploymentPostprocessing = 0;
		};
/* End PBXSourcesBuildPhase section */

/* Begin PBXTargetDependency section */
		F81542BD1C8E3E5200E41185 /* PBXTargetDependency */ = {
			isa = PBXTargetDependency;
			target = F81542A61C8E3E5200E41185 /* PLEN Connect */;
			targetProxy = F81542BC1C8E3E5200E41185 /* PBXContainerItemProxy */;
		};
		F81542C81C8E3E5200E41185 /* PBXTargetDependency */ = {
			isa = PBXTargetDependency;
			target = F81542A61C8E3E5200E41185 /* PLEN Connect */;
			targetProxy = F81542C71C8E3E5200E41185 /* PBXContainerItemProxy */;
		};
/* End PBXTargetDependency section */

/* Begin PBXVariantGroup section */
		F81542AE1C8E3E5200E41185 /* Main.storyboard */ = {
			isa = PBXVariantGroup;
			children = (
				F81542AF1C8E3E5200E41185 /* Base */,
			);
			name = Main.storyboard;
			sourceTree = "<group>";
		};
		F81542B31C8E3E5200E41185 /* LaunchScreen.storyboard */ = {
			isa = PBXVariantGroup;
			children = (
				F81542B41C8E3E5200E41185 /* Base */,
			);
			name = LaunchScreen.storyboard;
			sourceTree = "<group>";
		};
		F816B8F91E889FB7002B737C /* Localizable.strings */ = {
			isa = PBXVariantGroup;
			children = (
				F816B8F81E889FB7002B737C /* Base */,
				F816B8FA1E889FE9002B737C /* ja */,
			);
			name = Localizable.strings;
			sourceTree = "<group>";
		};
/* End PBXVariantGroup section */

/* Begin XCBuildConfiguration section */
		F81542CD1C8E3E5200E41185 /* Debug */ = {
			isa = XCBuildConfiguration;
			buildSettings = {
				ALWAYS_SEARCH_USER_PATHS = NO;
				CLANG_ANALYZER_LOCALIZABILITY_NONLOCALIZED = YES;
				CLANG_CXX_LANGUAGE_STANDARD = "gnu++0x";
				CLANG_CXX_LIBRARY = "libc++";
				CLANG_ENABLE_MODULES = YES;
				CLANG_ENABLE_OBJC_ARC = YES;
				CLANG_WARN_BOOL_CONVERSION = YES;
				CLANG_WARN_CONSTANT_CONVERSION = YES;
				CLANG_WARN_DIRECT_OBJC_ISA_USAGE = YES_ERROR;
				CLANG_WARN_EMPTY_BODY = YES;
				CLANG_WARN_ENUM_CONVERSION = YES;
				CLANG_WARN_INFINITE_RECURSION = YES;
				CLANG_WARN_INT_CONVERSION = YES;
				CLANG_WARN_OBJC_ROOT_CLASS = YES_ERROR;
				CLANG_WARN_SUSPICIOUS_MOVE = YES;
				CLANG_WARN_UNREACHABLE_CODE = YES;
				CLANG_WARN__DUPLICATE_METHOD_MATCH = YES;
				"CODE_SIGN_IDENTITY[sdk=iphoneos*]" = "iPhone Developer";
				COPY_PHASE_STRIP = NO;
				DEBUG_INFORMATION_FORMAT = dwarf;
				ENABLE_STRICT_OBJC_MSGSEND = YES;
				ENABLE_TESTABILITY = YES;
				GCC_C_LANGUAGE_STANDARD = gnu99;
				GCC_DYNAMIC_NO_PIC = NO;
				GCC_NO_COMMON_BLOCKS = YES;
				GCC_OPTIMIZATION_LEVEL = 0;
				GCC_PREPROCESSOR_DEFINITIONS = (
					"DEBUG=1",
					"$(inherited)",
				);
				GCC_WARN_64_TO_32_BIT_CONVERSION = YES;
				GCC_WARN_ABOUT_RETURN_TYPE = YES_ERROR;
				GCC_WARN_UNDECLARED_SELECTOR = YES;
				GCC_WARN_UNINITIALIZED_AUTOS = YES_AGGRESSIVE;
				GCC_WARN_UNUSED_FUNCTION = YES;
				GCC_WARN_UNUSED_VARIABLE = YES;
				IPHONEOS_DEPLOYMENT_TARGET = 10.0;
				MTL_ENABLE_DEBUG_INFO = YES;
				ONLY_ACTIVE_ARCH = YES;
				SDKROOT = iphoneos;
				SWIFT_OPTIMIZATION_LEVEL = "-Onone";
				TARGETED_DEVICE_FAMILY = "1,2";
			};
			name = Debug;
		};
		F81542CE1C8E3E5200E41185 /* Release */ = {
			isa = XCBuildConfiguration;
			buildSettings = {
				ALWAYS_SEARCH_USER_PATHS = NO;
				CLANG_ANALYZER_LOCALIZABILITY_NONLOCALIZED = YES;
				CLANG_CXX_LANGUAGE_STANDARD = "gnu++0x";
				CLANG_CXX_LIBRARY = "libc++";
				CLANG_ENABLE_MODULES = YES;
				CLANG_ENABLE_OBJC_ARC = YES;
				CLANG_WARN_BOOL_CONVERSION = YES;
				CLANG_WARN_CONSTANT_CONVERSION = YES;
				CLANG_WARN_DIRECT_OBJC_ISA_USAGE = YES_ERROR;
				CLANG_WARN_EMPTY_BODY = YES;
				CLANG_WARN_ENUM_CONVERSION = YES;
				CLANG_WARN_INFINITE_RECURSION = YES;
				CLANG_WARN_INT_CONVERSION = YES;
				CLANG_WARN_OBJC_ROOT_CLASS = YES_ERROR;
				CLANG_WARN_SUSPICIOUS_MOVE = YES;
				CLANG_WARN_UNREACHABLE_CODE = YES;
				CLANG_WARN__DUPLICATE_METHOD_MATCH = YES;
				"CODE_SIGN_IDENTITY[sdk=iphoneos*]" = "iPhone Developer";
				COPY_PHASE_STRIP = NO;
				DEBUG_INFORMATION_FORMAT = "dwarf-with-dsym";
				ENABLE_NS_ASSERTIONS = NO;
				ENABLE_STRICT_OBJC_MSGSEND = YES;
				GCC_C_LANGUAGE_STANDARD = gnu99;
				GCC_NO_COMMON_BLOCKS = YES;
				GCC_WARN_64_TO_32_BIT_CONVERSION = YES;
				GCC_WARN_ABOUT_RETURN_TYPE = YES_ERROR;
				GCC_WARN_UNDECLARED_SELECTOR = YES;
				GCC_WARN_UNINITIALIZED_AUTOS = YES_AGGRESSIVE;
				GCC_WARN_UNUSED_FUNCTION = YES;
				GCC_WARN_UNUSED_VARIABLE = YES;
				IPHONEOS_DEPLOYMENT_TARGET = 10.0;
				MTL_ENABLE_DEBUG_INFO = NO;
				SDKROOT = iphoneos;
				SWIFT_OPTIMIZATION_LEVEL = "-Owholemodule";
				TARGETED_DEVICE_FAMILY = "1,2";
				VALIDATE_PRODUCT = YES;
			};
			name = Release;
		};
		F81542D01C8E3E5200E41185 /* Debug */ = {
			isa = XCBuildConfiguration;
			baseConfigurationReference = 2BF5D2EC0E986F712A366669 /* Pods-PLEN Connect.debug.xcconfig */;
			buildSettings = {
				ASSETCATALOG_COMPILER_APPICON_NAME = AppIcon;
				CODE_SIGN_IDENTITY = "iPhone Developer";
				"CODE_SIGN_IDENTITY[sdk=iphoneos*]" = "iPhone Developer";
				DEVELOPMENT_TEAM = 9ME882KZTA;
				"ENABLE_NS_ASSERTIONS[arch=*]" = YES;
				FRAMEWORK_SEARCH_PATHS = (
					"$(inherited)",
					"$(PROJECT_DIR)/build/Debug-iphoneos",
				);
				INFOPLIST_FILE = Scenography/Info.plist;
				IPHONEOS_DEPLOYMENT_TARGET = 10.0;
				LD_RUNPATH_SEARCH_PATHS = "$(inherited) @executable_path/Frameworks";
				PRODUCT_BUNDLE_IDENTIFIER = plenproject.PLENConnect;
				PRODUCT_NAME = "$(TARGET_NAME)";
				PROVISIONING_PROFILE = "";
				SWIFT_VERSION = 3.0;
			};
			name = Debug;
		};
		F81542D11C8E3E5200E41185 /* Release */ = {
			isa = XCBuildConfiguration;
			baseConfigurationReference = 67A262FD94B601B6B85A087B /* Pods-PLEN Connect.release.xcconfig */;
			buildSettings = {
				ASSETCATALOG_COMPILER_APPICON_NAME = AppIcon;
				CODE_SIGN_IDENTITY = "iPhone Developer";
				"CODE_SIGN_IDENTITY[sdk=iphoneos*]" = "iPhone Developer";
				DEVELOPMENT_TEAM = 9ME882KZTA;
				FRAMEWORK_SEARCH_PATHS = (
					"$(inherited)",
					"$(PROJECT_DIR)/build/Debug-iphoneos",
				);
				INFOPLIST_FILE = Scenography/Info.plist;
				IPHONEOS_DEPLOYMENT_TARGET = 10.0;
				LD_RUNPATH_SEARCH_PATHS = "$(inherited) @executable_path/Frameworks";
				PRODUCT_BUNDLE_IDENTIFIER = plenproject.PLENConnect;
				PRODUCT_NAME = "$(TARGET_NAME)";
				PROVISIONING_PROFILE = "";
				SWIFT_VERSION = 3.0;
			};
			name = Release;
		};
		F81542D31C8E3E5200E41185 /* Debug */ = {
			isa = XCBuildConfiguration;
			baseConfigurationReference = ED6295B8C52078962A349477 /* Pods-PLEN ConnectTests.debug.xcconfig */;
			buildSettings = {
				BUNDLE_LOADER = "$(TEST_HOST)";
				INFOPLIST_FILE = ScenographyTests/Info.plist;
				LD_RUNPATH_SEARCH_PATHS = "$(inherited) @executable_path/Frameworks @loader_path/Frameworks";
				PRODUCT_BUNDLE_IDENTIFIER = plenproject.ScenographyTests;
				PRODUCT_NAME = "$(TARGET_NAME)";
				SWIFT_VERSION = 3.0;
				TEST_HOST = "$(BUILT_PRODUCTS_DIR)/PLEN Connect.app/PLEN Connect";
			};
			name = Debug;
		};
		F81542D41C8E3E5200E41185 /* Release */ = {
			isa = XCBuildConfiguration;
			baseConfigurationReference = 5840D0704BDFA10B71A5BDD9 /* Pods-PLEN ConnectTests.release.xcconfig */;
			buildSettings = {
				BUNDLE_LOADER = "$(TEST_HOST)";
				INFOPLIST_FILE = ScenographyTests/Info.plist;
				LD_RUNPATH_SEARCH_PATHS = "$(inherited) @executable_path/Frameworks @loader_path/Frameworks";
				PRODUCT_BUNDLE_IDENTIFIER = plenproject.ScenographyTests;
				PRODUCT_NAME = "$(TARGET_NAME)";
				SWIFT_VERSION = 3.0;
				TEST_HOST = "$(BUILT_PRODUCTS_DIR)/PLEN Connect.app/PLEN Connect";
			};
			name = Release;
		};
		F81542D61C8E3E5200E41185 /* Debug */ = {
			isa = XCBuildConfiguration;
			baseConfigurationReference = E7CD2822CA760953C38DA3E1 /* Pods-PLEN ConnectUITests.debug.xcconfig */;
			buildSettings = {
				INFOPLIST_FILE = ScenographyUITests/Info.plist;
				LD_RUNPATH_SEARCH_PATHS = "$(inherited) @executable_path/Frameworks @loader_path/Frameworks";
				PRODUCT_BUNDLE_IDENTIFIER = plenproject.ScenographyUITests;
				PRODUCT_NAME = "$(TARGET_NAME)";
				SWIFT_VERSION = 3.0;
				TEST_TARGET_NAME = Scenography;
				USES_XCTRUNNER = YES;
			};
			name = Debug;
		};
		F81542D71C8E3E5200E41185 /* Release */ = {
			isa = XCBuildConfiguration;
			baseConfigurationReference = 29E99E2E2051D45EBF7255EA /* Pods-PLEN ConnectUITests.release.xcconfig */;
			buildSettings = {
				INFOPLIST_FILE = ScenographyUITests/Info.plist;
				LD_RUNPATH_SEARCH_PATHS = "$(inherited) @executable_path/Frameworks @loader_path/Frameworks";
				PRODUCT_BUNDLE_IDENTIFIER = plenproject.ScenographyUITests;
				PRODUCT_NAME = "$(TARGET_NAME)";
				SWIFT_VERSION = 3.0;
				TEST_TARGET_NAME = Scenography;
				USES_XCTRUNNER = YES;
			};
			name = Release;
		};
/* End XCBuildConfiguration section */

/* Begin XCConfigurationList section */
		F81542A21C8E3E5100E41185 /* Build configuration list for PBXProject "PLEN Connect" */ = {
			isa = XCConfigurationList;
			buildConfigurations = (
				F81542CD1C8E3E5200E41185 /* Debug */,
				F81542CE1C8E3E5200E41185 /* Release */,
			);
			defaultConfigurationIsVisible = 0;
			defaultConfigurationName = Release;
		};
		F81542CF1C8E3E5200E41185 /* Build configuration list for PBXNativeTarget "PLEN Connect" */ = {
			isa = XCConfigurationList;
			buildConfigurations = (
				F81542D01C8E3E5200E41185 /* Debug */,
				F81542D11C8E3E5200E41185 /* Release */,
			);
			defaultConfigurationIsVisible = 0;
			defaultConfigurationName = Release;
		};
		F81542D21C8E3E5200E41185 /* Build configuration list for PBXNativeTarget "PLEN ConnectTests" */ = {
			isa = XCConfigurationList;
			buildConfigurations = (
				F81542D31C8E3E5200E41185 /* Debug */,
				F81542D41C8E3E5200E41185 /* Release */,
			);
			defaultConfigurationIsVisible = 0;
			defaultConfigurationName = Release;
		};
		F81542D51C8E3E5200E41185 /* Build configuration list for PBXNativeTarget "PLEN ConnectUITests" */ = {
			isa = XCConfigurationList;
			buildConfigurations = (
				F81542D61C8E3E5200E41185 /* Debug */,
				F81542D71C8E3E5200E41185 /* Release */,
			);
			defaultConfigurationIsVisible = 0;
			defaultConfigurationName = Release;
		};
/* End XCConfigurationList section */
	};
	rootObject = F815429F1C8E3E5100E41185 /* Project object */;
}
